
Microsoft Visual Studio Solution File, Format Version 12.00
# Visual Studio Version 17
VisualStudioVersion = 17.9.34723.18
MinimumVisualStudioVersion = 10.0.40219.1
Project("{FAE04EC0-301F-11D3-BF4B-00C04F79EFBC}") = "MTask", "MTask\MTask.csproj", "{8C3E9087-6AAA-49DC-AF4B-9B6ADACEC948}"
EndProject
Global
	GlobalSection(SolutionConfigurationPlatforms) = preSolution
		Debug|Any CPU = Debug|Any CPU
		Release|Any CPU = Release|Any CPU
	EndGlobalSection
	GlobalSection(ProjectConfigurationPlatforms) = postSolution
		{8C3E9087-6AAA-49DC-AF4B-9B6ADACEC948}.Debug|Any CPU.ActiveCfg = Debug|Any CPU
		{8C3E9087-6AAA-49DC-AF4B-9B6ADACEC948}.Debug|Any CPU.Build.0 = Debug|Any CPU
		{8C3E9087-6AAA-49DC-AF4B-9B6ADACEC948}.Release|Any CPU.ActiveCfg = Release|Any CPU
		{8C3E9087-6AAA-49DC-AF4B-9B6ADACEC948}.Release|Any CPU.Build.0 = Release|Any CPU
	EndGlobalSection
	GlobalSection(SolutionProperties) = preSolution
		HideSolutionNode = FALSE
	EndGlobalSection
	GlobalSection(ExtensibilityGlobals) = postSolution
		SolutionGuid = {3AAE8B5D-DE6D-43E2-97C3-B4BD5B6522D2}
	EndGlobalSection
EndGlobal
