
Microsoft Visual Studio Solution File, Format Version 12.00
# Visual Studio Version 17
VisualStudioVersion = 17.9.34723.18
MinimumVisualStudioVersion = 10.0.40219.1
Project("{9A19103F-16F7-4668-BE54-9A1E7A4F7556}") = "MTask", "MTask\MTask.csproj", "{8C3E9087-6AAA-49DC-AF4B-9B6ADACEC948}"
EndProject
Project("{9A19103F-16F7-4668-BE54-9A1E7A4F7556}") = "TestMTask", "TestMTask\TestMTask.csproj", "{CD96C1C7-8AC3-497D-BE0C-4059245FC88E}"
	ProjectSection(ProjectDependencies) = postProject
		{8C3E9087-6AAA-49DC-AF4B-9B6ADACEC948} = {8C3E9087-6AAA-49DC-AF4B-9B6ADACEC948}
	EndProjectSection
EndProject
Project("{E53339B2-1760-4266-BCC7-CA923CBCF16C}") = "docker-compose", "docker-compose.dcproj", "{9B1AA160-A648-4F76-85D2-4837CE5DAFD5}"
EndProject
Global
	GlobalSection(SolutionConfigurationPlatforms) = preSolution
		Debug|Any CPU = Debug|Any CPU
		Release|Any CPU = Release|Any CPU
	EndGlobalSection
	GlobalSection(ProjectConfigurationPlatforms) = postSolution
		{8C3E9087-6AAA-49DC-AF4B-9B6ADACEC948}.Debug|Any CPU.ActiveCfg = Debug|Any CPU
		{8C3E9087-6AAA-49DC-AF4B-9B6ADACEC948}.Debug|Any CPU.Build.0 = Debug|Any CPU
		{8C3E9087-6AAA-49DC-AF4B-9B6ADACEC948}.Release|Any CPU.ActiveCfg = Release|Any CPU
		{8C3E9087-6AAA-49DC-AF4B-9B6ADACEC948}.Release|Any CPU.Build.0 = Release|Any CPU
		{CD96C1C7-8AC3-497D-BE0C-4059245FC88E}.Debug|Any CPU.ActiveCfg = Debug|Any CPU
		{CD96C1C7-8AC3-497D-BE0C-4059245FC88E}.Debug|Any CPU.Build.0 = Debug|Any CPU
		{CD96C1C7-8AC3-497D-BE0C-4059245FC88E}.Release|Any CPU.ActiveCfg = Release|Any CPU
		{CD96C1C7-8AC3-497D-BE0C-4059245FC88E}.Release|Any CPU.Build.0 = Release|Any CPU
		{9B1AA160-A648-4F76-85D2-4837CE5DAFD5}.Debug|Any CPU.ActiveCfg = Debug|Any CPU
		{9B1AA160-A648-4F76-85D2-4837CE5DAFD5}.Debug|Any CPU.Build.0 = Debug|Any CPU
		{9B1AA160-A648-4F76-85D2-4837CE5DAFD5}.Release|Any CPU.ActiveCfg = Release|Any CPU
		{9B1AA160-A648-4F76-85D2-4837CE5DAFD5}.Release|Any CPU.Build.0 = Release|Any CPU
	EndGlobalSection
	GlobalSection(SolutionProperties) = preSolution
		HideSolutionNode = FALSE
	EndGlobalSection
	GlobalSection(ExtensibilityGlobals) = postSolution
		SolutionGuid = {3AAE8B5D-DE6D-43E2-97C3-B4BD5B6522D2}
	EndGlobalSection
EndGlobal
